set_global_assignment -name FAMILY "Cyclone V"
set_global_assignment -name DEVICE 5CSEBA6U23I7
set_global_assignment -name TOP_LEVEL_ENTITY igor_uart_top
set_global_assignment -name PROJECT_OUTPUT_DIRECTORY output_files
set_global_assignment -name NUM_PARALLEL_PROCESSORS 4
set_global_assignment -name RESERVE_ALL_UNUSED_PINS "AS INPUT TRI-STATED"
set_global_assignment -name SDC_FILE igor.sdc
set_global_assignment -name VERILOG_FILE ../rtl/igor_best_candidate_selector.v
set_global_assignment -name VERILOG_FILE ../rtl/igor_candidate_generator.v
set_global_assignment -name VERILOG_FILE ../rtl/igor_config_registers.v
set_global_assignment -name VERILOG_FILE ../rtl/igor_costmap_bank.v
set_global_assignment -name VERILOG_FILE ../rtl/igor_costmap_manager.v
set_global_assignment -name VERILOG_FILE ../rtl/igor_de10_nano_wrapper.v
set_global_assignment -name VERILOG_FILE ../rtl/igor_kinematic_step.v
set_global_assignment -name VERILOG_FILE ../rtl/igor_rollout_tile.v
set_global_assignment -name VERILOG_FILE ../rtl/igor_safety_security_gate.v
set_global_assignment -name VERILOG_FILE ../rtl/igor_score_accumulator.v
set_global_assignment -name VERILOG_FILE ../rtl/igor_status_logger.v
set_global_assignment -name VERILOG_FILE ../rtl/igor_top.v
set_global_assignment -name VERILOG_FILE ../rtl/igor_trig_lut.v
source pin_assignment.tcl
set_global_assignment -name VERILOG_FILE ../rtl/igor_neural_core.v
set_global_assignment -name VERILOG_FILE ../rtl/igor_neural_rom.v
set_global_assignment -name VERILOG_FILE ../rtl/igor_uart_protocol.v
set_global_assignment -name VERILOG_FILE ../rtl/igor_uart_rx.v
set_global_assignment -name VERILOG_FILE ../rtl/igor_uart_top.v
set_global_assignment -name VERILOG_FILE ../rtl/igor_uart_tx.v

set_global_assignment -name LAST_QUARTUS_VERSION "25.1std.0 Standard Edition"
set_global_assignment -name RESERVE_ALL_UNUSED_PINS_NO_OUTPUT_GND "AS INPUT TRI-STATED"